// !$*UTF8*$!
{
	archiveVersion = 1;
	classes = {
	};
	objectVersion = 51;
	objects = {

/* Begin PBXBuildFile section */
		09F4B55089B7AF8BFC904B73 /* Pods_Parstagram.framework in Frameworks */ = {isa = PBXBuildFile; fileRef = CC94B2FD2EA6A5E4DA560457 /* Pods_Parstagram.framework */; };
		24AFBCB824106A4A00852451 /* CommentCell.swift in Sources */ = {isa = PBXBuildFile; fileRef = 24AFBCB724106A4A00852451 /* CommentCell.swift */; };
		24FF49362408886000B0517B /* AppDelegate.swift in Sources */ = {isa = PBXBuildFile; fileRef = 24FF49352408886000B0517B /* AppDelegate.swift */; };
		24FF49382408886000B0517B /* SceneDelegate.swift in Sources */ = {isa = PBXBuildFile; fileRef = 24FF49372408886000B0517B /* SceneDelegate.swift */; };
		24FF493D2408886000B0517B /* Main.storyboard in Resources */ = {isa = PBXBuildFile; fileRef = 24FF493B2408886000B0517B /* Main.storyboard */; };
		24FF493F2408886300B0517B /* Assets.xcassets in Resources */ = {isa = PBXBuildFile; fileRef = 24FF493E2408886300B0517B /* Assets.xcassets */; };
		24FF49422408886300B0517B /* LaunchScreen.storyboard in Resources */ = {isa = PBXBuildFile; fileRef = 24FF49402408886300B0517B /* LaunchScreen.storyboard */; };
		24FF494D2408886300B0517B /* ParstagramTests.swift in Sources */ = {isa = PBXBuildFile; fileRef = 24FF494C2408886300B0517B /* ParstagramTests.swift */; };
		24FF49582408886300B0517B /* ParstagramUITests.swift in Sources */ = {isa = PBXBuildFile; fileRef = 24FF49572408886300B0517B /* ParstagramUITests.swift */; };
		24FF49662408A48900B0517B /* FeedViewController.swift in Sources */ = {isa = PBXBuildFile; fileRef = 24FF49652408A48900B0517B /* FeedViewController.swift */; };
		24FF49682408A49400B0517B /* LoginViewController.swift in Sources */ = {isa = PBXBuildFile; fileRef = 24FF49672408A49400B0517B /* LoginViewController.swift */; };
		24FF496A2408ABD200B0517B /* CameraViewController.swift in Sources */ = {isa = PBXBuildFile; fileRef = 24FF49692408ABD200B0517B /* CameraViewController.swift */; };
		24FF496C2408BCD700B0517B /* PostCell.swift in Sources */ = {isa = PBXBuildFile; fileRef = 24FF496B2408BCD700B0517B /* PostCell.swift */; };
		AF2E50C1D59E2213397D9674 /* Pods_ParstagramTests.framework in Frameworks */ = {isa = PBXBuildFile; fileRef = 9524FB2264EB73593FB6C6DD /* Pods_ParstagramTests.framework */; };
		C012734C4403A2B0085AA4DE /* Pods_Parstagram_ParstagramUITests.framework in Frameworks */ = {isa = PBXBuildFile; fileRef = 2F6C6487A99A85E4F980F055 /* Pods_Parstagram_ParstagramUITests.framework */; };
/* End PBXBuildFile section */

/* Begin PBXContainerItemProxy section */
		24FF49492408886300B0517B /* PBXContainerItemProxy */ = {
			isa = PBXContainerItemProxy;
			containerPortal = 24FF492A2408886000B0517B /* Project object */;
			proxyType = 1;
			remoteGlobalIDString = 24FF49312408886000B0517B;
			remoteInfo = Parstagram;
		};
		24FF49542408886300B0517B /* PBXContainerItemProxy */ = {
			isa = PBXContainerItemProxy;
			containerPortal = 24FF492A2408886000B0517B /* Project object */;
			proxyType = 1;
			remoteGlobalIDString = 24FF49312408886000B0517B;
			remoteInfo = Parstagram;
		};
/* End PBXContainerItemProxy section */

/* Begin PBXFileReference section */
		24AFBCB724106A4A00852451 /* CommentCell.swift */ = {isa = PBXFileReference; lastKnownFileType = sourcecode.swift; path = CommentCell.swift; sourceTree = "<group>"; };
		24FF49322408886000B0517B /* Parstagram.app */ = {isa = PBXFileReference; explicitFileType = wrapper.application; includeInIndex = 0; path = Parstagram.app; sourceTree = BUILT_PRODUCTS_DIR; };
		24FF49352408886000B0517B /* AppDelegate.swift */ = {isa = PBXFileReference; lastKnownFileType = sourcecode.swift; path = AppDelegate.swift; sourceTree = "<group>"; };
		24FF49372408886000B0517B /* SceneDelegate.swift */ = {isa = PBXFileReference; lastKnownFileType = sourcecode.swift; path = SceneDelegate.swift; sourceTree = "<group>"; };
		24FF493C2408886000B0517B /* Base */ = {isa = PBXFileReference; lastKnownFileType = file.storyboard; name = Base; path = Base.lproj/Main.storyboard; sourceTree = "<group>"; };
		24FF493E2408886300B0517B /* Assets.xcassets */ = {isa = PBXFileReference; lastKnownFileType = folder.assetcatalog; path = Assets.xcassets; sourceTree = "<group>"; };
		24FF49412408886300B0517B /* Base */ = {isa = PBXFileReference; lastKnownFileType = file.storyboard; name = Base; path = Base.lproj/LaunchScreen.storyboard; sourceTree = "<group>"; };
		24FF49432408886300B0517B /* Info.plist */ = {isa = PBXFileReference; lastKnownFileType = text.plist.xml; path = Info.plist; sourceTree = "<group>"; };
		24FF49482408886300B0517B /* ParstagramTests.xctest */ = {isa = PBXFileReference; explicitFileType = wrapper.cfbundle; includeInIndex = 0; path = ParstagramTests.xctest; sourceTree = BUILT_PRODUCTS_DIR; };
		24FF494C2408886300B0517B /* ParstagramTests.swift */ = {isa = PBXFileReference; lastKnownFileType = sourcecode.swift; path = ParstagramTests.swift; sourceTree = "<group>"; };
		24FF494E2408886300B0517B /* Info.plist */ = {isa = PBXFileReference; lastKnownFileType = text.plist.xml; path = Info.plist; sourceTree = "<group>"; };
		24FF49532408886300B0517B /* ParstagramUITests.xctest */ = {isa = PBXFileReference; explicitFileType = wrapper.cfbundle; includeInIndex = 0; path = ParstagramUITests.xctest; sourceTree = BUILT_PRODUCTS_DIR; };
		24FF49572408886300B0517B /* ParstagramUITests.swift */ = {isa = PBXFileReference; lastKnownFileType = sourcecode.swift; path = ParstagramUITests.swift; sourceTree = "<group>"; };
		24FF49592408886300B0517B /* Info.plist */ = {isa = PBXFileReference; lastKnownFileType = text.plist.xml; path = Info.plist; sourceTree = "<group>"; };
		24FF49652408A48900B0517B /* FeedViewController.swift */ = {isa = PBXFileReference; lastKnownFileType = sourcecode.swift; path = FeedViewController.swift; sourceTree = "<group>"; };
		24FF49672408A49400B0517B /* LoginViewController.swift */ = {isa = PBXFileReference; lastKnownFileType = sourcecode.swift; name = LoginViewController.swift; path = "/Users/josealvarez/Documents/IOS Swift/Parstagram/Parstagram/LoginViewController.swift"; sourceTree = "<absolute>"; };
		24FF49692408ABD200B0517B /* CameraViewController.swift */ = {isa = PBXFileReference; lastKnownFileType = sourcecode.swift; path = CameraViewController.swift; sourceTree = "<group>"; };
		24FF496B2408BCD700B0517B /* PostCell.swift */ = {isa = PBXFileReference; lastKnownFileType = sourcecode.swift; path = PostCell.swift; sourceTree = "<group>"; };
		2F6C6487A99A85E4F980F055 /* Pods_Parstagram_ParstagramUITests.framework */ = {isa = PBXFileReference; explicitFileType = wrapper.framework; includeInIndex = 0; path = Pods_Parstagram_ParstagramUITests.framework; sourceTree = BUILT_PRODUCTS_DIR; };
		3528A341463F5ADA3C4640AF /* Pods-ParstagramTests.release.xcconfig */ = {isa = PBXFileReference; includeInIndex = 1; lastKnownFileType = text.xcconfig; name = "Pods-ParstagramTests.release.xcconfig"; path = "Target Support Files/Pods-ParstagramTests/Pods-ParstagramTests.release.xcconfig"; sourceTree = "<group>"; };
		68E84930F081ED362B2539B7 /* Pods-Parstagram.release.xcconfig */ = {isa = PBXFileReference; includeInIndex = 1; lastKnownFileType = text.xcconfig; name = "Pods-Parstagram.release.xcconfig"; path = "Target Support Files/Pods-Parstagram/Pods-Parstagram.release.xcconfig"; sourceTree = "<group>"; };
		7275342F0F4835AA860B2513 /* Pods-Parstagram-ParstagramUITests.release.xcconfig */ = {isa = PBXFileReference; includeInIndex = 1; lastKnownFileType = text.xcconfig; name = "Pods-Parstagram-ParstagramUITests.release.xcconfig"; path = "Target Support Files/Pods-Parstagram-ParstagramUITests/Pods-Parstagram-ParstagramUITests.release.xcconfig"; sourceTree = "<group>"; };
		9524FB2264EB73593FB6C6DD /* Pods_ParstagramTests.framework */ = {isa = PBXFileReference; explicitFileType = wrapper.framework; includeInIndex = 0; path = Pods_ParstagramTests.framework; sourceTree = BUILT_PRODUCTS_DIR; };
		AF3CA9BDCE546C9575ED98DC /* Pods-Parstagram.debug.xcconfig */ = {isa = PBXFileReference; includeInIndex = 1; lastKnownFileType = text.xcconfig; name = "Pods-Parstagram.debug.xcconfig"; path = "Target Support Files/Pods-Parstagram/Pods-Parstagram.debug.xcconfig"; sourceTree = "<group>"; };
		C3F0B4C93193A30C97FA6342 /* Pods-ParstagramTests.debug.xcconfig */ = {isa = PBXFileReference; includeInIndex = 1; lastKnownFileType = text.xcconfig; name = "Pods-ParstagramTests.debug.xcconfig"; path = "Target Support Files/Pods-ParstagramTests/Pods-ParstagramTests.debug.xcconfig"; sourceTree = "<group>"; };
		CC94B2FD2EA6A5E4DA560457 /* Pods_Parstagram.framework */ = {isa = PBXFileReference; explicitFileType = wrapper.framework; includeInIndex = 0; path = Pods_Parstagram.framework; sourceTree = BUILT_PRODUCTS_DIR; };
		DCC0BAF075C12DFDE1BD6BFB /* Pods-Parstagram-ParstagramUITests.debug.xcconfig */ = {isa = PBXFileReference; includeInIndex = 1; lastKnownFileType = text.xcconfig; name = "Pods-Parstagram-ParstagramUITests.debug.xcconfig"; path = "Target Support Files/Pods-Parstagram-ParstagramUITests/Pods-Parstagram-ParstagramUITests.debug.xcconfig"; sourceTree = "<group>"; };
/* End PBXFileReference section */

/* Begin PBXFrameworksBuildPhase section */
		24FF492F2408886000B0517B /* Frameworks */ = {
			isa = PBXFrameworksBuildPhase;
			buildActionMask = 2147483647;
			files = (
				09F4B55089B7AF8BFC904B73 /* Pods_Parstagram.framework in Frameworks */,
			);
			runOnlyForDeploymentPostprocessing = 0;
		};
		24FF49452408886300B0517B /* Frameworks */ = {
			isa = PBXFrameworksBuildPhase;
			buildActionMask = 2147483647;
			files = (
				AF2E50C1D59E2213397D9674 /* Pods_ParstagramTests.framework in Frameworks */,
			);
			runOnlyForDeploymentPostprocessing = 0;
		};
		24FF49502408886300B0517B /* Frameworks */ = {
			isa = PBXFrameworksBuildPhase;
			buildActionMask = 2147483647;
			files = (
				C012734C4403A2B0085AA4DE /* Pods_Parstagram_ParstagramUITests.framework in Frameworks */,
			);
			runOnlyForDeploymentPostprocessing = 0;
		};
/* End PBXFrameworksBuildPhase section */

/* Begin PBXGroup section */
		24FF49292408886000B0517B = {
			isa = PBXGroup;
			children = (
				24FF49342408886000B0517B /* Parstagram */,
				24FF494B2408886300B0517B /* ParstagramTests */,
				24FF49562408886300B0517B /* ParstagramUITests */,
				24FF49332408886000B0517B /* Products */,
				2AC9DECE8E9759076C5D60F1 /* Pods */,
				46352E019EE361594AF633D6 /* Frameworks */,
			);
			sourceTree = "<group>";
		};
		24FF49332408886000B0517B /* Products */ = {
			isa = PBXGroup;
			children = (
				24FF49322408886000B0517B /* Parstagram.app */,
				24FF49482408886300B0517B /* ParstagramTests.xctest */,
				24FF49532408886300B0517B /* ParstagramUITests.xctest */,
			);
			name = Products;
			sourceTree = "<group>";
		};
		24FF49342408886000B0517B /* Parstagram */ = {
			isa = PBXGroup;
			children = (
				24FF49352408886000B0517B /* AppDelegate.swift */,
				24FF49372408886000B0517B /* SceneDelegate.swift */,
				24FF493B2408886000B0517B /* Main.storyboard */,
				24FF493E2408886300B0517B /* Assets.xcassets */,
				24FF49402408886300B0517B /* LaunchScreen.storyboard */,
				24FF49432408886300B0517B /* Info.plist */,
				24FF49672408A49400B0517B /* LoginViewController.swift */,
				24FF49652408A48900B0517B /* FeedViewController.swift */,
				24FF49692408ABD200B0517B /* CameraViewController.swift */,
				24FF496B2408BCD700B0517B /* PostCell.swift */,
				24AFBCB724106A4A00852451 /* CommentCell.swift */,
			);
			path = Parstagram;
			sourceTree = "<group>";
		};
		24FF494B2408886300B0517B /* ParstagramTests */ = {
			isa = PBXGroup;
			children = (
				24FF494C2408886300B0517B /* ParstagramTests.swift */,
				24FF494E2408886300B0517B /* Info.plist */,
			);
			path = ParstagramTests;
			sourceTree = "<group>";
		};
		24FF49562408886300B0517B /* ParstagramUITests */ = {
			isa = PBXGroup;
			children = (
				24FF49572408886300B0517B /* ParstagramUITests.swift */,
				24FF49592408886300B0517B /* Info.plist */,
			);
			path = ParstagramUITests;
			sourceTree = "<group>";
		};
		2AC9DECE8E9759076C5D60F1 /* Pods */ = {
			isa = PBXGroup;
			children = (
				AF3CA9BDCE546C9575ED98DC /* Pods-Parstagram.debug.xcconfig */,
				68E84930F081ED362B2539B7 /* Pods-Parstagram.release.xcconfig */,
				DCC0BAF075C12DFDE1BD6BFB /* Pods-Parstagram-ParstagramUITests.debug.xcconfig */,
				7275342F0F4835AA860B2513 /* Pods-Parstagram-ParstagramUITests.release.xcconfig */,
				C3F0B4C93193A30C97FA6342 /* Pods-ParstagramTests.debug.xcconfig */,
				3528A341463F5ADA3C4640AF /* Pods-ParstagramTests.release.xcconfig */,
			);
			path = Pods;
			sourceTree = "<group>";
		};
		46352E019EE361594AF633D6 /* Frameworks */ = {
			isa = PBXGroup;
			children = (
				CC94B2FD2EA6A5E4DA560457 /* Pods_Parstagram.framework */,
				2F6C6487A99A85E4F980F055 /* Pods_Parstagram_ParstagramUITests.framework */,
				9524FB2264EB73593FB6C6DD /* Pods_ParstagramTests.framework */,
			);
			name = Frameworks;
			sourceTree = "<group>";
		};
/* End PBXGroup section */

/* Begin PBXNativeTarget section */
		24FF49312408886000B0517B /* Parstagram */ = {
			isa = PBXNativeTarget;
			buildConfigurationList = 24FF495C2408886300B0517B /* Build configuration list for PBXNativeTarget "Parstagram" */;
			buildPhases = (
				A1A9F32C6F809FB4E924023A /* [CP] Check Pods Manifest.lock */,
				24FF492E2408886000B0517B /* Sources */,
				24FF492F2408886000B0517B /* Frameworks */,
				24FF49302408886000B0517B /* Resources */,
				D8E4E5EA2BD7D872C736D7FF /* [CP] Embed Pods Frameworks */,
			);
			buildRules = (
			);
			dependencies = (
			);
			name = Parstagram;
			productName = Parstagram;
			productReference = 24FF49322408886000B0517B /* Parstagram.app */;
			productType = "com.apple.product-type.application";
		};
		24FF49472408886300B0517B /* ParstagramTests */ = {
			isa = PBXNativeTarget;
			buildConfigurationList = 24FF495F2408886300B0517B /* Build configuration list for PBXNativeTarget "ParstagramTests" */;
			buildPhases = (
				711AC74B840584D5E36F7026 /* [CP] Check Pods Manifest.lock */,
				24FF49442408886300B0517B /* Sources */,
				24FF49452408886300B0517B /* Frameworks */,
				24FF49462408886300B0517B /* Resources */,
			);
			buildRules = (
			);
			dependencies = (
				24FF494A2408886300B0517B /* PBXTargetDependency */,
			);
			name = ParstagramTests;
			productName = ParstagramTests;
			productReference = 24FF49482408886300B0517B /* ParstagramTests.xctest */;
			productType = "com.apple.product-type.bundle.unit-test";
		};
		24FF49522408886300B0517B /* ParstagramUITests */ = {
			isa = PBXNativeTarget;
			buildConfigurationList = 24FF49622408886300B0517B /* Build configuration list for PBXNativeTarget "ParstagramUITests" */;
			buildPhases = (
				69D0FCB8DC1DEF08738B658F /* [CP] Check Pods Manifest.lock */,
				24FF494F2408886300B0517B /* Sources */,
				24FF49502408886300B0517B /* Frameworks */,
				24FF49512408886300B0517B /* Resources */,
				7CE456339867AA97C6742A72 /* [CP] Embed Pods Frameworks */,
			);
			buildRules = (
			);
			dependencies = (
				24FF49552408886300B0517B /* PBXTargetDependency */,
			);
			name = ParstagramUITests;
			productName = ParstagramUITests;
			productReference = 24FF49532408886300B0517B /* ParstagramUITests.xctest */;
			productType = "com.apple.product-type.bundle.ui-testing";
		};
/* End PBXNativeTarget section */

/* Begin PBXProject section */
		24FF492A2408886000B0517B /* Project object */ = {
			isa = PBXProject;
			attributes = {
				LastSwiftUpdateCheck = 1130;
				LastUpgradeCheck = 1130;
				ORGANIZATIONNAME = "Jose Alvarez";
				TargetAttributes = {
					24FF49312408886000B0517B = {
						CreatedOnToolsVersion = 11.3;
					};
					24FF49472408886300B0517B = {
						CreatedOnToolsVersion = 11.3;
						TestTargetID = 24FF49312408886000B0517B;
					};
					24FF49522408886300B0517B = {
						CreatedOnToolsVersion = 11.3;
						TestTargetID = 24FF49312408886000B0517B;
					};
				};
			};
			buildConfigurationList = 24FF492D2408886000B0517B /* Build configuration list for PBXProject "Parstagram" */;
			compatibilityVersion = "Xcode 9.3";
			developmentRegion = en;
			hasScannedForEncodings = 0;
			knownRegions = (
				en,
				Base,
			);
			mainGroup = 24FF49292408886000B0517B;
			productRefGroup = 24FF49332408886000B0517B /* Products */;
			projectDirPath = "";
			projectRoot = "";
			targets = (
				24FF49312408886000B0517B /* Parstagram */,
				24FF49472408886300B0517B /* ParstagramTests */,
				24FF49522408886300B0517B /* ParstagramUITests */,
			);
		};
/* End PBXProject section */

/* Begin PBXResourcesBuildPhase section */
		24FF49302408886000B0517B /* Resources */ = {
			isa = PBXResourcesBuildPhase;
			buildActionMask = 2147483647;
			files = (
				24FF49422408886300B0517B /* LaunchScreen.storyboard in Resources */,
				24FF493F2408886300B0517B /* Assets.xcassets in Resources */,
				24FF493D2408886000B0517B /* Main.storyboard in Resources */,
			);
			runOnlyForDeploymentPostprocessing = 0;
		};
		24FF49462408886300B0517B /* Resources */ = {
			isa = PBXResourcesBuildPhase;
			buildActionMask = 2147483647;
			files = (
			);
			runOnlyForDeploymentPostprocessing = 0;
		};
		24FF49512408886300B0517B /* Resources */ = {
			isa = PBXResourcesBuildPhase;
			buildActionMask = 2147483647;
			files = (
			);
			runOnlyForDeploymentPostprocessing = 0;
		};
/* End PBXResourcesBuildPhase section */

/* Begin PBXShellScriptBuildPhase section */
		69D0FCB8DC1DEF08738B658F /* [CP] Check Pods Manifest.lock */ = {
			isa = PBXShellScriptBuildPhase;
			buildActionMask = 2147483647;
			files = (
			);
			inputFileListPaths = (
			);
			inputPaths = (
				"${PODS_PODFILE_DIR_PATH}/Podfile.lock",
				"${PODS_ROOT}/Manifest.lock",
			);
			name = "[CP] Check Pods Manifest.lock";
			outputFileListPaths = (
			);
			outputPaths = (
				"$(DERIVED_FILE_DIR)/Pods-Parstagram-ParstagramUITests-checkManifestLockResult.txt",
			);
			runOnlyForDeploymentPostprocessing = 0;
			shellPath = /bin/sh;
			shellScript = "diff \"${PODS_PODFILE_DIR_PATH}/Podfile.lock\" \"${PODS_ROOT}/Manifest.lock\" > /dev/null\nif [ $? != 0 ] ; then\n    # print error to STDERR\n    echo \"error: The sandbox is not in sync with the Podfile.lock. Run 'pod install' or update your CocoaPods installation.\" >&2\n    exit 1\nfi\n# This output is used by Xcode 'outputs' to avoid re-running this script phase.\necho \"SUCCESS\" > \"${SCRIPT_OUTPUT_FILE_0}\"\n";
			showEnvVarsInLog = 0;
		};
		711AC74B840584D5E36F7026 /* [CP] Check Pods Manifest.lock */ = {
			isa = PBXShellScriptBuildPhase;
			buildActionMask = 2147483647;
			files = (
			);
			inputFileListPaths = (
			);
			inputPaths = (
				"${PODS_PODFILE_DIR_PATH}/Podfile.lock",
				"${PODS_ROOT}/Manifest.lock",
			);
			name = "[CP] Check Pods Manifest.lock";
			outputFileListPaths = (
			);
			outputPaths = (
				"$(DERIVED_FILE_DIR)/Pods-ParstagramTests-checkManifestLockResult.txt",
			);
			runOnlyForDeploymentPostprocessing = 0;
			shellPath = /bin/sh;
			shellScript = "diff \"${PODS_PODFILE_DIR_PATH}/Podfile.lock\" \"${PODS_ROOT}/Manifest.lock\" > /dev/null\nif [ $? != 0 ] ; then\n    # print error to STDERR\n    echo \"error: The sandbox is not in sync with the Podfile.lock. Run 'pod install' or update your CocoaPods installation.\" >&2\n    exit 1\nfi\n# This output is used by Xcode 'outputs' to avoid re-running this script phase.\necho \"SUCCESS\" > \"${SCRIPT_OUTPUT_FILE_0}\"\n";
			showEnvVarsInLog = 0;
		};
		7CE456339867AA97C6742A72 /* [CP] Embed Pods Frameworks */ = {
			isa = PBXShellScriptBuildPhase;
			buildActionMask = 2147483647;
			files = (
			);
			inputFileListPaths = (
				"${PODS_ROOT}/Target Support Files/Pods-Parstagram-ParstagramUITests/Pods-Parstagram-ParstagramUITests-frameworks-${CONFIGURATION}-input-files.xcfilelist",
			);
			name = "[CP] Embed Pods Frameworks";
			outputFileListPaths = (
				"${PODS_ROOT}/Target Support Files/Pods-Parstagram-ParstagramUITests/Pods-Parstagram-ParstagramUITests-frameworks-${CONFIGURATION}-output-files.xcfilelist",
			);
			runOnlyForDeploymentPostprocessing = 0;
			shellPath = /bin/sh;
			shellScript = "\"${PODS_ROOT}/Target Support Files/Pods-Parstagram-ParstagramUITests/Pods-Parstagram-ParstagramUITests-frameworks.sh\"\n";
			showEnvVarsInLog = 0;
		};
		A1A9F32C6F809FB4E924023A /* [CP] Check Pods Manifest.lock */ = {
			isa = PBXShellScriptBuildPhase;
			buildActionMask = 2147483647;
			files = (
			);
			inputFileListPaths = (
			);
			inputPaths = (
				"${PODS_PODFILE_DIR_PATH}/Podfile.lock",
				"${PODS_ROOT}/Manifest.lock",
			);
			name = "[CP] Check Pods Manifest.lock";
			outputFileListPaths = (
			);
			outputPaths = (
				"$(DERIVED_FILE_DIR)/Pods-Parstagram-checkManifestLockResult.txt",
			);
			runOnlyForDeploymentPostprocessing = 0;
			shellPath = /bin/sh;
			shellScript = "diff \"${PODS_PODFILE_DIR_PATH}/Podfile.lock\" \"${PODS_ROOT}/Manifest.lock\" > /dev/null\nif [ $? != 0 ] ; then\n    # print error to STDERR\n    echo \"error: The sandbox is not in sync with the Podfile.lock. Run 'pod install' or update your CocoaPods installation.\" >&2\n    exit 1\nfi\n# This output is used by Xcode 'outputs' to avoid re-running this script phase.\necho \"SUCCESS\" > \"${SCRIPT_OUTPUT_FILE_0}\"\n";
			showEnvVarsInLog = 0;
		};
		D8E4E5EA2BD7D872C736D7FF /* [CP] Embed Pods Frameworks */ = {
			isa = PBXShellScriptBuildPhase;
			buildActionMask = 2147483647;
			files = (
			);
			inputFileListPaths = (
				"${PODS_ROOT}/Target Support Files/Pods-Parstagram/Pods-Parstagram-frameworks-${CONFIGURATION}-input-files.xcfilelist",
			);
			name = "[CP] Embed Pods Frameworks";
			outputFileListPaths = (
				"${PODS_ROOT}/Target Support Files/Pods-Parstagram/Pods-Parstagram-frameworks-${CONFIGURATION}-output-files.xcfilelist",
			);
			runOnlyForDeploymentPostprocessing = 0;
			shellPath = /bin/sh;
			shellScript = "\"${PODS_ROOT}/Target Support Files/Pods-Parstagram/Pods-Parstagram-frameworks.sh\"\n";
			showEnvVarsInLog = 0;
		};
/* End PBXShellScriptBuildPhase section */

/* Begin PBXSourcesBuildPhase section */
		24FF492E2408886000B0517B /* Sources */ = {
			isa = PBXSourcesBuildPhase;
			buildActionMask = 2147483647;
			files = (
				24FF49682408A49400B0517B /* LoginViewController.swift in Sources */,
				24FF496A2408ABD200B0517B /* CameraViewController.swift in Sources */,
				24FF49362408886000B0517B /* AppDelegate.swift in Sources */,
				24FF49662408A48900B0517B /* FeedViewController.swift in Sources */,
				24FF49382408886000B0517B /* SceneDelegate.swift in Sources */,
				24FF496C2408BCD700B0517B /* PostCell.swift in Sources */,
				24AFBCB824106A4A00852451 /* CommentCell.swift in Sources */,
			);
			runOnlyForDeploymentPostprocessing = 0;
		};
		24FF49442408886300B0517B /* Sources */ = {
			isa = PBXSourcesBuildPhase;
			buildActionMask = 2147483647;
			files = (
				24FF494D2408886300B0517B /* ParstagramTests.swift in Sources */,
			);
			runOnlyForDeploymentPostprocessing = 0;
		};
		24FF494F2408886300B0517B /* Sources */ = {
			isa = PBXSourcesBuildPhase;
			buildActionMask = 2147483647;
			files = (
				24FF49582408886300B0517B /* ParstagramUITests.swift in Sources */,
			);
			runOnlyForDeploymentPostprocessing = 0;
		};
/* End PBXSourcesBuildPhase section */

/* Begin PBXTargetDependency section */
		24FF494A2408886300B0517B /* PBXTargetDependency */ = {
			isa = PBXTargetDependency;
			target = 24FF49312408886000B0517B /* Parstagram */;
			targetProxy = 24FF49492408886300B0517B /* PBXContainerItemProxy */;
		};
		24FF49552408886300B0517B /* PBXTargetDependency */ = {
			isa = PBXTargetDependency;
			target = 24FF49312408886000B0517B /* Parstagram */;
			targetProxy = 24FF49542408886300B0517B /* PBXContainerItemProxy */;
		};
/* End PBXTargetDependency section */

/* Begin PBXVariantGroup section */
		24FF493B2408886000B0517B /* Main.storyboard */ = {
			isa = PBXVariantGroup;
			children = (
				24FF493C2408886000B0517B /* Base */,
			);
			name = Main.storyboard;
			sourceTree = "<group>";
		};
		24FF49402408886300B0517B /* LaunchScreen.storyboard */ = {
			isa = PBXVariantGroup;
			children = (
				24FF49412408886300B0517B /* Base */,
			);
			name = LaunchScreen.storyboard;
			sourceTree = "<group>";
		};
/* End PBXVariantGroup section */

/* Begin XCBuildConfiguration section */
		24FF495A2408886300B0517B /* Debug */ = {
			isa = XCBuildConfiguration;
			buildSettings = {
				ALWAYS_SEARCH_USER_PATHS = NO;
				CLANG_ANALYZER_NONNULL = YES;
				CLANG_ANALYZER_NUMBER_OBJECT_CONVERSION = YES_AGGRESSIVE;
				CLANG_CXX_LANGUAGE_STANDARD = "gnu++14";
				CLANG_CXX_LIBRARY = "libc++";
				CLANG_ENABLE_MODULES = YES;
				CLANG_ENABLE_OBJC_ARC = YES;
				CLANG_ENABLE_OBJC_WEAK = YES;
				CLANG_WARN_BLOCK_CAPTURE_AUTORELEASING = YES;
				CLANG_WARN_BOOL_CONVERSION = YES;
				CLANG_WARN_COMMA = YES;
				CLANG_WARN_CONSTANT_CONVERSION = YES;
				CLANG_WARN_DEPRECATED_OBJC_IMPLEMENTATIONS = YES;
				CLANG_WARN_DIRECT_OBJC_ISA_USAGE = YES_ERROR;
				CLANG_WARN_DOCUMENTATION_COMMENTS = YES;
				CLANG_WARN_EMPTY_BODY = YES;
				CLANG_WARN_ENUM_CONVERSION = YES;
				CLANG_WARN_INFINITE_RECURSION = YES;
				CLANG_WARN_INT_CONVERSION = YES;
				CLANG_WARN_NON_LITERAL_NULL_CONVERSION = YES;
				CLANG_WARN_OBJC_IMPLICIT_RETAIN_SELF = YES;
				CLANG_WARN_OBJC_LITERAL_CONVERSION = YES;
				CLANG_WARN_OBJC_ROOT_CLASS = YES_ERROR;
				CLANG_WARN_RANGE_LOOP_ANALYSIS = YES;
				CLANG_WARN_STRICT_PROTOTYPES = YES;
				CLANG_WARN_SUSPICIOUS_MOVE = YES;
				CLANG_WARN_UNGUARDED_AVAILABILITY = YES_AGGRESSIVE;
				CLANG_WARN_UNREACHABLE_CODE = YES;
				CLANG_WARN__DUPLICATE_METHOD_MATCH = YES;
				COPY_PHASE_STRIP = NO;
				DEBUG_INFORMATION_FORMAT = dwarf;
				ENABLE_STRICT_OBJC_MSGSEND = YES;
				ENABLE_TESTABILITY = YES;
				GCC_C_LANGUAGE_STANDARD = gnu11;
				GCC_DYNAMIC_NO_PIC = NO;
				GCC_NO_COMMON_BLOCKS = YES;
				GCC_OPTIMIZATION_LEVEL = 0;
				GCC_PREPROCESSOR_DEFINITIONS = (
					"DEBUG=1",
					"$(inherited)",
				);
				GCC_WARN_64_TO_32_BIT_CONVERSION = YES;
				GCC_WARN_ABOUT_RETURN_TYPE = YES_ERROR;
				GCC_WARN_UNDECLARED_SELECTOR = YES;
				GCC_WARN_UNINITIALIZED_AUTOS = YES_AGGRESSIVE;
				GCC_WARN_UNUSED_FUNCTION = YES;
				GCC_WARN_UNUSED_VARIABLE = YES;
				IPHONEOS_DEPLOYMENT_TARGET = 13.2;
				MTL_ENABLE_DEBUG_INFO = INCLUDE_SOURCE;
				MTL_FAST_MATH = YES;
				ONLY_ACTIVE_ARCH = YES;
				SDKROOT = iphoneos;
				SWIFT_ACTIVE_COMPILATION_CONDITIONS = DEBUG;
				SWIFT_OPTIMIZATION_LEVEL = "-Onone";
			};
			name = Debug;
		};
		24FF495B2408886300B0517B /* Release */ = {
			isa = XCBuildConfiguration;
			buildSettings = {
				ALWAYS_SEARCH_USER_PATHS = NO;
				CLANG_ANALYZER_NONNULL = YES;
				CLANG_ANALYZER_NUMBER_OBJECT_CONVERSION = YES_AGGRESSIVE;
				CLANG_CXX_LANGUAGE_STANDARD = "gnu++14";
				CLANG_CXX_LIBRARY = "libc++";
				CLANG_ENABLE_MODULES = YES;
				CLANG_ENABLE_OBJC_ARC = YES;
				CLANG_ENABLE_OBJC_WEAK = YES;
				CLANG_WARN_BLOCK_CAPTURE_AUTORELEASING = YES;
				CLANG_WARN_BOOL_CONVERSION = YES;
				CLANG_WARN_COMMA = YES;
				CLANG_WARN_CONSTANT_CONVERSION = YES;
				CLANG_WARN_DEPRECATED_OBJC_IMPLEMENTATIONS = YES;
				CLANG_WARN_DIRECT_OBJC_ISA_USAGE = YES_ERROR;
				CLANG_WARN_DOCUMENTATION_COMMENTS = YES;
				CLANG_WARN_EMPTY_BODY = YES;
				CLANG_WARN_ENUM_CONVERSION = YES;
				CLANG_WARN_INFINITE_RECURSION = YES;
				CLANG_WARN_INT_CONVERSION = YES;
				CLANG_WARN_NON_LITERAL_NULL_CONVERSION = YES;
				CLANG_WARN_OBJC_IMPLICIT_RETAIN_SELF = YES;
				CLANG_WARN_OBJC_LITERAL_CONVERSION = YES;
				CLANG_WARN_OBJC_ROOT_CLASS = YES_ERROR;
				CLANG_WARN_RANGE_LOOP_ANALYSIS = YES;
				CLANG_WARN_STRICT_PROTOTYPES = YES;
				CLANG_WARN_SUSPICIOUS_MOVE = YES;
				CLANG_WARN_UNGUARDED_AVAILABILITY = YES_AGGRESSIVE;
				CLANG_WARN_UNREACHABLE_CODE = YES;
				CLANG_WARN__DUPLICATE_METHOD_MATCH = YES;
				COPY_PHASE_STRIP = NO;
				DEBUG_INFORMATION_FORMAT = "dwarf-with-dsym";
				ENABLE_NS_ASSERTIONS = NO;
				ENABLE_STRICT_OBJC_MSGSEND = YES;
				GCC_C_LANGUAGE_STANDARD = gnu11;
				GCC_NO_COMMON_BLOCKS = YES;
				GCC_WARN_64_TO_32_BIT_CONVERSION = YES;
				GCC_WARN_ABOUT_RETURN_TYPE = YES_ERROR;
				GCC_WARN_UNDECLARED_SELECTOR = YES;
				GCC_WARN_UNINITIALIZED_AUTOS = YES_AGGRESSIVE;
				GCC_WARN_UNUSED_FUNCTION = YES;
				GCC_WARN_UNUSED_VARIABLE = YES;
				IPHONEOS_DEPLOYMENT_TARGET = 13.2;
				MTL_ENABLE_DEBUG_INFO = NO;
				MTL_FAST_MATH = YES;
				SDKROOT = iphoneos;
				SWIFT_COMPILATION_MODE = wholemodule;
				SWIFT_OPTIMIZATION_LEVEL = "-O";
				VALIDATE_PRODUCT = YES;
			};
			name = Release;
		};
		24FF495D2408886300B0517B /* Debug */ = {
			isa = XCBuildConfiguration;
			baseConfigurationReference = AF3CA9BDCE546C9575ED98DC /* Pods-Parstagram.debug.xcconfig */;
			buildSettings = {
				ASSETCATALOG_COMPILER_APPICON_NAME = AppIcon;
				CODE_SIGN_STYLE = Automatic;
				INFOPLIST_FILE = Parstagram/Info.plist;
				LD_RUNPATH_SEARCH_PATHS = (
					"$(inherited)",
					"@executable_path/Frameworks",
				);
				PRODUCT_BUNDLE_IDENTIFIER = com.josealvarez.Parstagram;
				PRODUCT_NAME = "$(TARGET_NAME)";
				SWIFT_VERSION = 5.0;
				TARGETED_DEVICE_FAMILY = "1,2";
			};
			name = Debug;
		};
		24FF495E2408886300B0517B /* Release */ = {
			isa = XCBuildConfiguration;
			baseConfigurationReference = 68E84930F081ED362B2539B7 /* Pods-Parstagram.release.xcconfig */;
			buildSettings = {
				ASSETCATALOG_COMPILER_APPICON_NAME = AppIcon;
				CODE_SIGN_STYLE = Automatic;
				INFOPLIST_FILE = Parstagram/Info.plist;
				LD_RUNPATH_SEARCH_PATHS = (
					"$(inherited)",
					"@executable_path/Frameworks",
				);
				PRODUCT_BUNDLE_IDENTIFIER = com.josealvarez.Parstagram;
				PRODUCT_NAME = "$(TARGET_NAME)";
				SWIFT_VERSION = 5.0;
				TARGETED_DEVICE_FAMILY = "1,2";
			};
			name = Release;
		};
		24FF49602408886300B0517B /* Debug */ = {
			isa = XCBuildConfiguration;
			baseConfigurationReference = C3F0B4C93193A30C97FA6342 /* Pods-ParstagramTests.debug.xcconfig */;
			buildSettings = {
				ALWAYS_EMBED_SWIFT_STANDARD_LIBRARIES = YES;
				BUNDLE_LOADER = "$(TEST_HOST)";
				CODE_SIGN_STYLE = Automatic;
				INFOPLIST_FILE = ParstagramTests/Info.plist;
				IPHONEOS_DEPLOYMENT_TARGET = 13.2;
				LD_RUNPATH_SEARCH_PATHS = (
					"$(inherited)",
					"@executable_path/Frameworks",
					"@loader_path/Frameworks",
				);
				PRODUCT_BUNDLE_IDENTIFIER = com.josealvarez.ParstagramTests;
				PRODUCT_NAME = "$(TARGET_NAME)";
				SWIFT_VERSION = 5.0;
				TARGETED_DEVICE_FAMILY = "1,2";
				TEST_HOST = "$(BUILT_PRODUCTS_DIR)/Parstagram.app/Parstagram";
			};
			name = Debug;
		};
		24FF49612408886300B0517B /* Release */ = {
			isa = XCBuildConfiguration;
			baseConfigurationReference = 3528A341463F5ADA3C4640AF /* Pods-ParstagramTests.release.xcconfig */;
			buildSettings = {
				ALWAYS_EMBED_SWIFT_STANDARD_LIBRARIES = YES;
				BUNDLE_LOADER = "$(TEST_HOST)";
				CODE_SIGN_STYLE = Automatic;
				INFOPLIST_FILE = ParstagramTests/Info.plist;
				IPHONEOS_DEPLOYMENT_TARGET = 13.2;
				LD_RUNPATH_SEARCH_PATHS = (
					"$(inherited)",
					"@executable_path/Frameworks",
					"@loader_path/Frameworks",
				);
				PRODUCT_BUNDLE_IDENTIFIER = com.josealvarez.ParstagramTests;
				PRODUCT_NAME = "$(TARGET_NAME)";
				SWIFT_VERSION = 5.0;
				TARGETED_DEVICE_FAMILY = "1,2";
				TEST_HOST = "$(BUILT_PRODUCTS_DIR)/Parstagram.app/Parstagram";
			};
			name = Release;
		};
		24FF49632408886300B0517B /* Debug */ = {
			isa = XCBuildConfiguration;
			baseConfigurationReference = DCC0BAF075C12DFDE1BD6BFB /* Pods-Parstagram-ParstagramUITests.debug.xcconfig */;
			buildSettings = {
				ALWAYS_EMBED_SWIFT_STANDARD_LIBRARIES = YES;
				CODE_SIGN_STYLE = Automatic;
				INFOPLIST_FILE = ParstagramUITests/Info.plist;
				LD_RUNPATH_SEARCH_PATHS = (
					"$(inherited)",
					"@executable_path/Frameworks",
					"@loader_path/Frameworks",
				);
				PRODUCT_BUNDLE_IDENTIFIER = com.josealvarez.ParstagramUITests;
				PRODUCT_NAME = "$(TARGET_NAME)";
				SWIFT_VERSION = 5.0;
				TARGETED_DEVICE_FAMILY = "1,2";
				TEST_TARGET_NAME = Parstagram;
			};
			name = Debug;
		};
		24FF49642408886300B0517B /* Release */ = {
			isa = XCBuildConfiguration;
			baseConfigurationReference = 7275342F0F4835AA860B2513 /* Pods-Parstagram-ParstagramUITests.release.xcconfig */;
			buildSettings = {
				ALWAYS_EMBED_SWIFT_STANDARD_LIBRARIES = YES;
				CODE_SIGN_STYLE = Automatic;
				INFOPLIST_FILE = ParstagramUITests/Info.plist;
				LD_RUNPATH_SEARCH_PATHS = (
					"$(inherited)",
					"@executable_path/Frameworks",
					"@loader_path/Frameworks",
				);
				PRODUCT_BUNDLE_IDENTIFIER = com.josealvarez.ParstagramUITests;
				PRODUCT_NAME = "$(TARGET_NAME)";
				SWIFT_VERSION = 5.0;
				TARGETED_DEVICE_FAMILY = "1,2";
				TEST_TARGET_NAME = Parstagram;
			};
			name = Release;
		};
/* End XCBuildConfiguration section */

/* Begin XCConfigurationList section */
		24FF492D2408886000B0517B /* Build configuration list for PBXProject "Parstagram" */ = {
			isa = XCConfigurationList;
			buildConfigurations = (
				24FF495A2408886300B0517B /* Debug */,
				24FF495B2408886300B0517B /* Release */,
			);
			defaultConfigurationIsVisible = 0;
			defaultConfigurationName = Release;
		};
		24FF495C2408886300B0517B /* Build configuration list for PBXNativeTarget "Parstagram" */ = {
			isa = XCConfigurationList;
			buildConfigurations = (
				24FF495D2408886300B0517B /* Debug */,
				24FF495E2408886300B0517B /* Release */,
			);
			defaultConfigurationIsVisible = 0;
			defaultConfigurationName = Release;
		};
		24FF495F2408886300B0517B /* Build configuration list for PBXNativeTarget "ParstagramTests" */ = {
			isa = XCConfigurationList;
			buildConfigurations = (
				24FF49602408886300B0517B /* Debug */,
				24FF49612408886300B0517B /* Release */,
			);
			defaultConfigurationIsVisible = 0;
			defaultConfigurationName = Release;
		};
		24FF49622408886300B0517B /* Build configuration list for PBXNativeTarget "ParstagramUITests" */ = {
			isa = XCConfigurationList;
			buildConfigurations = (
				24FF49632408886300B0517B /* Debug */,
				24FF49642408886300B0517B /* Release */,
			);
			defaultConfigurationIsVisible = 0;
			defaultConfigurationName = Release;
		};
/* End XCConfigurationList section */
	};
	rootObject = 24FF492A2408886000B0517B /* Project object */;
}
